
Microsoft Visual Studio Solution File, Format Version 12.00
# Visual Studio Version 17
VisualStudioVersion = 17.9.34728.123
MinimumVisualStudioVersion = 10.0.40219.1
Project("{FAE04EC0-301F-11D3-BF4B-00C04F79EFBC}") = "CoreTaskEmployee", "CoreTaskEmployee\CoreTaskEmployee.csproj", "{EB10BA0E-C9EC-4EE6-943F-F1F4A98700C3}"
EndProject
Global
	GlobalSection(SolutionConfigurationPlatforms) = preSolution
		Debug|Any CPU = Debug|Any CPU
		Release|Any CPU = Release|Any CPU
	EndGlobalSection
	GlobalSection(ProjectConfigurationPlatforms) = postSolution
		{EB10BA0E-C9EC-4EE6-943F-F1F4A98700C3}.Debug|Any CPU.ActiveCfg = Debug|Any CPU
		{EB10BA0E-C9EC-4EE6-943F-F1F4A98700C3}.Debug|Any CPU.Build.0 = Debug|Any CPU
		{EB10BA0E-C9EC-4EE6-943F-F1F4A98700C3}.Release|Any CPU.ActiveCfg = Release|Any CPU
		{EB10BA0E-C9EC-4EE6-943F-F1F4A98700C3}.Release|Any CPU.Build.0 = Release|Any CPU
	EndGlobalSection
	GlobalSection(SolutionProperties) = preSolution
		HideSolutionNode = FALSE
	EndGlobalSection
	GlobalSection(ExtensibilityGlobals) = postSolution
		SolutionGuid = {2407A49E-A3DF-423F-AFCF-E4591D709EE9}
	EndGlobalSection
EndGlobal
