
Microsoft Visual Studio Solution File, Format Version 12.00
# Visual Studio Version 17
VisualStudioVersion = 17.9.34728.123
MinimumVisualStudioVersion = 10.0.40219.1
Project("{FAE04EC0-301F-11D3-BF4B-00C04F79EFBC}") = "EmployeeTwo", "EmployeeTwo\EmployeeTwo.csproj", "{F44737C2-16E6-4BBD-9404-0274217B6DD7}"
EndProject
Global
	GlobalSection(SolutionConfigurationPlatforms) = preSolution
		Debug|Any CPU = Debug|Any CPU
		Release|Any CPU = Release|Any CPU
	EndGlobalSection
	GlobalSection(ProjectConfigurationPlatforms) = postSolution
		{F44737C2-16E6-4BBD-9404-0274217B6DD7}.Debug|Any CPU.ActiveCfg = Debug|Any CPU
		{F44737C2-16E6-4BBD-9404-0274217B6DD7}.Debug|Any CPU.Build.0 = Debug|Any CPU
		{F44737C2-16E6-4BBD-9404-0274217B6DD7}.Release|Any CPU.ActiveCfg = Release|Any CPU
		{F44737C2-16E6-4BBD-9404-0274217B6DD7}.Release|Any CPU.Build.0 = Release|Any CPU
	EndGlobalSection
	GlobalSection(SolutionProperties) = preSolution
		HideSolutionNode = FALSE
	EndGlobalSection
	GlobalSection(ExtensibilityGlobals) = postSolution
		SolutionGuid = {D663580C-071B-4173-A344-9F8BAFB9B502}
	EndGlobalSection
EndGlobal
